<Solution>
  <Folder Name="/src/">
    <Project Path="src/DatabentoDotNet.Dbn/DatabentoDotNet.Dbn.csproj" />
    <Project Path="src/DatabentoDotNet.Live/DatabentoDotNet.Live.csproj" />
    <Project Path="src/DatabentoDotNet.Historical/DatabentoDotNet.Historical.csproj" />
    <Project Path="src/DatabentoDotNet.Reference/DatabentoDotNet.Reference.csproj" />
  </Folder>
  <Folder Name="/benchmarks/">
    <Project Path="benchmarks/DatabentoDotNet.Benchmarks/DatabentoDotNet.Benchmarks.csproj" />
  </Folder>
  <Folder Name="/tools/">
    <Project Path="tools/DatabentoDotNet.AotProbe/DatabentoDotNet.AotProbe.csproj" />
  </Folder>
  <Folder Name="/tests/">
    <Project Path="tests/DatabentoDotNet.Dbn.Tests/DatabentoDotNet.Dbn.Tests.csproj" />
    <Project Path="tests/DatabentoDotNet.Historical.Tests/DatabentoDotNet.Historical.Tests.csproj" />
    <Project Path="tests/DatabentoDotNet.Reference.Tests/DatabentoDotNet.Reference.Tests.csproj" />
    <Project Path="tests/DatabentoDotNet.Live.Tests/DatabentoDotNet.Live.Tests.csproj" />
  </Folder>
</Solution>
