<Solution>
  <Folder Name="/src/">
    <Project Path="src/DatabentoDotNet.Dbn/DatabentoDotNet.Dbn.csproj" />
  </Folder>
  <Folder Name="/tests/">
    <Project Path="tests/DatabentoDotNet.Dbn.Tests/DatabentoDotNet.Dbn.Tests.csproj" />
    <Project Path="tests/DatabentoDotNet.Live.Tests/DatabentoDotNet.Live.Tests.csproj" />
  </Folder>
</Solution>
